
Microsoft Visual Studio Solution File, Format Version 12.00
# Visual Studio Version 17
VisualStudioVersion = 17.11.35327.3
MinimumVisualStudioVersion = 10.0.40219.1
Project("{FAE04EC0-301F-11D3-BF4B-00C04F79EFBC}") = "random button", "random button\random button.csproj", "{F5B9E307-E34F-4063-8821-9ACDE6B48C45}"
EndProject
Global
	GlobalSection(SolutionConfigurationPlatforms) = preSolution
		Debug|Any CPU = Debug|Any CPU
		Release|Any CPU = Release|Any CPU
	EndGlobalSection
	GlobalSection(ProjectConfigurationPlatforms) = postSolution
		{F5B9E307-E34F-4063-8821-9ACDE6B48C45}.Debug|Any CPU.ActiveCfg = Debug|Any CPU
		{F5B9E307-E34F-4063-8821-9ACDE6B48C45}.Debug|Any CPU.Build.0 = Debug|Any CPU
		{F5B9E307-E34F-4063-8821-9ACDE6B48C45}.Release|Any CPU.ActiveCfg = Release|Any CPU
		{F5B9E307-E34F-4063-8821-9ACDE6B48C45}.Release|Any CPU.Build.0 = Release|Any CPU
	EndGlobalSection
	GlobalSection(SolutionProperties) = preSolution
		HideSolutionNode = FALSE
	EndGlobalSection
	GlobalSection(ExtensibilityGlobals) = postSolution
		SolutionGuid = {72634AD4-244E-4382-A7B1-FF4C7C8A2528}
	EndGlobalSection
EndGlobal
